
Microsoft Visual Studio Solution File, Format Version 11.00
# Visual Studio 2010
Project("{FAE04EC0-301F-11D3-BF4B-00C04F79EFBC}") = "PlayMode", "PlayMode.csproj", "{2d958756-969d-6aad-1312-044e71852088}"
EndProject
Project("{FAE04EC0-301F-11D3-BF4B-00C04F79EFBC}") = "Assembly-CSharp", "Assembly-CSharp.csproj", "{dd070b88-51a0-72c0-92ed-272dca561732}"
EndProject
Global
	GlobalSection(SolutionConfigurationPlatforms) = preSolution
		Debug|Any CPU = Debug|Any CPU
		Release|Any CPU = Release|Any CPU
	EndGlobalSection
	GlobalSection(ProjectConfigurationPlatforms) = postSolution
		{2d958756-969d-6aad-1312-044e71852088}.Debug|Any CPU.ActiveCfg = Debug|Any CPU
		{2d958756-969d-6aad-1312-044e71852088}.Debug|Any CPU.Build.0 = Debug|Any CPU
		{2d958756-969d-6aad-1312-044e71852088}.Release|Any CPU.ActiveCfg = Release|Any CPU
		{2d958756-969d-6aad-1312-044e71852088}.Release|Any CPU.Build.0 = Release|Any CPU
		{dd070b88-51a0-72c0-92ed-272dca561732}.Debug|Any CPU.ActiveCfg = Debug|Any CPU
		{dd070b88-51a0-72c0-92ed-272dca561732}.Debug|Any CPU.Build.0 = Debug|Any CPU
		{dd070b88-51a0-72c0-92ed-272dca561732}.Release|Any CPU.ActiveCfg = Release|Any CPU
		{dd070b88-51a0-72c0-92ed-272dca561732}.Release|Any CPU.Build.0 = Release|Any CPU
	EndGlobalSection
	GlobalSection(SolutionProperties) = preSolution
		HideSolutionNode = FALSE
	EndGlobalSection
EndGlobal
